// !$*UTF8*$!
{
	archiveVersion = 1;
	classes = {
	};
	objectVersion = 46;
	objects = {

/* Begin PBXBuildFile section */
		3F2CA0F517766022009EAED7 /* reorder-control@2x.png in Resources */ = {isa = PBXBuildFile; fileRef = 3F2CA0F417766022009EAED7 /* reorder-control@2x.png */; };
		3F2CA0F917796A11009EAED7 /* pull-to-switch-arrow@2x.png in Resources */ = {isa = PBXBuildFile; fileRef = 3F2CA0F817796A11009EAED7 /* pull-to-switch-arrow@2x.png */; };
		3F3264971763A328000BCF83 /* reminder-day-of-disabled@2x.png in Resources */ = {isa = PBXBuildFile; fileRef = 3F3264961763A328000BCF83 /* reminder-day-of-disabled@2x.png */; };
		3F3264991763A37F000BCF83 /* reminder-day-of-enabled@2x.png in Resources */ = {isa = PBXBuildFile; fileRef = 3F3264981763A37F000BCF83 /* reminder-day-of-enabled@2x.png */; };
		3F32649C1763AAD6000BCF83 /* reminder-day-before-disabled@2x.png in Resources */ = {isa = PBXBuildFile; fileRef = 3F32649A1763AAD6000BCF83 /* reminder-day-before-disabled@2x.png */; };
		3F32649D1763AAD6000BCF83 /* reminder-day-before-enabled@2x.png in Resources */ = {isa = PBXBuildFile; fileRef = 3F32649B1763AAD6000BCF83 /* reminder-day-before-enabled@2x.png */; };
		3F3264A01763AC40000BCF83 /* reminder-week-disabled@2x.png in Resources */ = {isa = PBXBuildFile; fileRef = 3F32649E1763AC40000BCF83 /* reminder-week-disabled@2x.png */; };
		3F3264A11763AC40000BCF83 /* reminder-week-enabled@2x.png in Resources */ = {isa = PBXBuildFile; fileRef = 3F32649F1763AC40000BCF83 /* reminder-week-enabled@2x.png */; };
		3F3264A417642362000BCF83 /* LLPullNavigationScrollView.m in Sources */ = {isa = PBXBuildFile; fileRef = 3F3264A317642362000BCF83 /* LLPullNavigationScrollView.m */; };
		3F3264A717647A09000BCF83 /* LLPullNavigationTableView.m in Sources */ = {isa = PBXBuildFile; fileRef = 3F3264A617647A09000BCF83 /* LLPullNavigationTableView.m */; };
		3F3264D6176AD842000BCF83 /* QueueCell.m in Sources */ = {isa = PBXBuildFile; fileRef = 3F3264D5176AD842000BCF83 /* QueueCell.m */; };
		3F3264DA176AE918000BCF83 /* queue-cell-background-selectable@2x.png in Resources */ = {isa = PBXBuildFile; fileRef = 3F3264D9176AE918000BCF83 /* queue-cell-background-selectable@2x.png */; };
		3F5FA4AC17544283002A0F5B /* expanded-button@2x.png in Resources */ = {isa = PBXBuildFile; fileRef = 3F5FA4AB17544283002A0F5B /* expanded-button@2x.png */; };
		3F5FA4AE17544C6F002A0F5B /* contract-button@2x.png in Resources */ = {isa = PBXBuildFile; fileRef = 3F5FA4AD17544C6F002A0F5B /* contract-button@2x.png */; };
		3F5FA4B4175458FE002A0F5B /* add-meeting-button@2x.png in Resources */ = {isa = PBXBuildFile; fileRef = 3F5FA4AF175458FD002A0F5B /* add-meeting-button@2x.png */; };
		3F5FA4B5175458FE002A0F5B /* delete-button@2x.png in Resources */ = {isa = PBXBuildFile; fileRef = 3F5FA4B0175458FD002A0F5B /* delete-button@2x.png */; };
		3F5FA4B6175458FE002A0F5B /* email-button@2x.png in Resources */ = {isa = PBXBuildFile; fileRef = 3F5FA4B1175458FD002A0F5B /* email-button@2x.png */; };
		3F5FA4B7175458FE002A0F5B /* settings-button@2x.png in Resources */ = {isa = PBXBuildFile; fileRef = 3F5FA4B2175458FD002A0F5B /* settings-button@2x.png */; };
		3F5FA4B8175458FE002A0F5B /* snooze-button@2x.png in Resources */ = {isa = PBXBuildFile; fileRef = 3F5FA4B3175458FE002A0F5B /* snooze-button@2x.png */; };
		3F934437175AD49C000FD331 /* CoreLocation.framework in Frameworks */ = {isa = PBXBuildFile; fileRef = 3F934436175AD49C000FD331 /* CoreLocation.framework */; };
		3F93443A175AD9DE000FD331 /* LLDataDownloader.m in Sources */ = {isa = PBXBuildFile; fileRef = 3F934439175AD9DE000FD331 /* LLDataDownloader.m */; };
		3F93443B175ADBC5000FD331 /* LLDataDownloader.m in Sources */ = {isa = PBXBuildFile; fileRef = 3F934439175AD9DE000FD331 /* LLDataDownloader.m */; };
		3F934444175ADDF2000FD331 /* SBJSON.m in Sources */ = {isa = PBXBuildFile; fileRef = 3F93443D175ADDF2000FD331 /* SBJSON.m */; };
		3F934445175ADDF2000FD331 /* SBJsonBase.m in Sources */ = {isa = PBXBuildFile; fileRef = 3F93443F175ADDF2000FD331 /* SBJsonBase.m */; };
		3F934446175ADDF2000FD331 /* SBJsonParser.m in Sources */ = {isa = PBXBuildFile; fileRef = 3F934441175ADDF2000FD331 /* SBJsonParser.m */; };
		3F934447175ADDF2000FD331 /* SBJsonWriter.m in Sources */ = {isa = PBXBuildFile; fileRef = 3F934443175ADDF2000FD331 /* SBJsonWriter.m */; };
		3F934449175AE968000FD331 /* location-enabled@2x.png in Resources */ = {isa = PBXBuildFile; fileRef = 3F934448175AE968000FD331 /* location-enabled@2x.png */; };
		3F93444B175AF179000FD331 /* GoogleMaps.framework in Frameworks */ = {isa = PBXBuildFile; fileRef = 3F93444A175AF179000FD331 /* GoogleMaps.framework */; };
		3F934458175AF245000FD331 /* AVFoundation.framework in Frameworks */ = {isa = PBXBuildFile; fileRef = 3F93444E175AF244000FD331 /* AVFoundation.framework */; };
		3F934459175AF245000FD331 /* CoreText.framework in Frameworks */ = {isa = PBXBuildFile; fileRef = 3F93444F175AF244000FD331 /* CoreText.framework */; };
		3F93445A175AF245000FD331 /* GLKit.framework in Frameworks */ = {isa = PBXBuildFile; fileRef = 3F934450175AF244000FD331 /* GLKit.framework */; };
		3F93445B175AF245000FD331 /* ImageIO.framework in Frameworks */ = {isa = PBXBuildFile; fileRef = 3F934451175AF245000FD331 /* ImageIO.framework */; };
		3F93445C175AF245000FD331 /* libc++.dylib in Frameworks */ = {isa = PBXBuildFile; fileRef = 3F934452175AF245000FD331 /* libc++.dylib */; };
		3F93445D175AF245000FD331 /* libicucore.dylib in Frameworks */ = {isa = PBXBuildFile; fileRef = 3F934453175AF245000FD331 /* libicucore.dylib */; };
		3F93445E175AF245000FD331 /* libz.dylib in Frameworks */ = {isa = PBXBuildFile; fileRef = 3F934454175AF245000FD331 /* libz.dylib */; };
		3F93445F175AF245000FD331 /* OpenGLES.framework in Frameworks */ = {isa = PBXBuildFile; fileRef = 3F934455175AF245000FD331 /* OpenGLES.framework */; };
		3F934460175AF245000FD331 /* QuartzCore.framework in Frameworks */ = {isa = PBXBuildFile; fileRef = 3F934456175AF245000FD331 /* QuartzCore.framework */; };
		3F934461175AF245000FD331 /* SystemConfiguration.framework in Frameworks */ = {isa = PBXBuildFile; fileRef = 3F934457175AF245000FD331 /* SystemConfiguration.framework */; };
		3F94A95417860DCB0054A733 /* avatar-gloss@2x.png in Resources */ = {isa = PBXBuildFile; fileRef = 3F94A95317860DCB0054A733 /* avatar-gloss@2x.png */; };
		3F94A95517860DCB0054A733 /* avatar-gloss@2x.png in Resources */ = {isa = PBXBuildFile; fileRef = 3F94A95317860DCB0054A733 /* avatar-gloss@2x.png */; };
		3F94A9571786123D0054A733 /* contact-avatar-placeholder-clean@2x.png in Resources */ = {isa = PBXBuildFile; fileRef = 3F94A9561786123D0054A733 /* contact-avatar-placeholder-clean@2x.png */; };
		3F94A9581786123D0054A733 /* contact-avatar-placeholder-clean@2x.png in Resources */ = {isa = PBXBuildFile; fileRef = 3F94A9561786123D0054A733 /* contact-avatar-placeholder-clean@2x.png */; };
		3F94A95F178621A20054A733 /* UIImage+Alpha.m in Sources */ = {isa = PBXBuildFile; fileRef = 3F94A95A178621A10054A733 /* UIImage+Alpha.m */; };
		3F94A960178621A20054A733 /* UIImage+Alpha.m in Sources */ = {isa = PBXBuildFile; fileRef = 3F94A95A178621A10054A733 /* UIImage+Alpha.m */; };
		3F94A961178621A20054A733 /* UIImage+Resize.m in Sources */ = {isa = PBXBuildFile; fileRef = 3F94A95C178621A10054A733 /* UIImage+Resize.m */; };
		3F94A962178621A20054A733 /* UIImage+Resize.m in Sources */ = {isa = PBXBuildFile; fileRef = 3F94A95C178621A10054A733 /* UIImage+Resize.m */; };
		3F94A963178621A20054A733 /* UIImage+RoundedCorner.m in Sources */ = {isa = PBXBuildFile; fileRef = 3F94A95E178621A20054A733 /* UIImage+RoundedCorner.m */; };
		3F94A964178621A20054A733 /* UIImage+RoundedCorner.m in Sources */ = {isa = PBXBuildFile; fileRef = 3F94A95E178621A20054A733 /* UIImage+RoundedCorner.m */; };
		3F94A967178659350054A733 /* ContactImageView.m in Sources */ = {isa = PBXBuildFile; fileRef = 3F94A966178659350054A733 /* ContactImageView.m */; };
		3F94A968178659350054A733 /* ContactImageView.m in Sources */ = {isa = PBXBuildFile; fileRef = 3F94A966178659350054A733 /* ContactImageView.m */; };
		3F94A96A1786625F0054A733 /* avatar-gloss-small@2x.png in Resources */ = {isa = PBXBuildFile; fileRef = 3F94A9691786625E0054A733 /* avatar-gloss-small@2x.png */; };
		3F94A96B1786625F0054A733 /* avatar-gloss-small@2x.png in Resources */ = {isa = PBXBuildFile; fileRef = 3F94A9691786625E0054A733 /* avatar-gloss-small@2x.png */; };
		3F977641175723C200E6B5B7 /* LocationChooserViewController.m in Sources */ = {isa = PBXBuildFile; fileRef = 3F977640175723C200E6B5B7 /* LocationChooserViewController.m */; };
		3F977644175726B000E6B5B7 /* calendar_full@2x.png in Resources */ = {isa = PBXBuildFile; fileRef = 3F977642175726B000E6B5B7 /* calendar_full@2x.png */; };
		3F977645175726B000E6B5B7 /* notepad@2x.png in Resources */ = {isa = PBXBuildFile; fileRef = 3F977643175726B000E6B5B7 /* notepad@2x.png */; };
		3F97764717572C4900E6B5B7 /* light-background@2x.png in Resources */ = {isa = PBXBuildFile; fileRef = 3F97764617572C4900E6B5B7 /* light-background@2x.png */; };
		3F98A2EC17529196006A3668 /* timeline-inner-shadow.png in Resources */ = {isa = PBXBuildFile; fileRef = 3F98A2EB17529196006A3668 /* timeline-inner-shadow.png */; };
		3F98A2EF17529A32006A3668 /* MeetingCell.m in Sources */ = {isa = PBXBuildFile; fileRef = 3F98A2EE17529A32006A3668 /* MeetingCell.m */; };
		3F98A2F11752ED3A006A3668 /* expand-button.png in Resources */ = {isa = PBXBuildFile; fileRef = 3F98A2F01752ED39006A3668 /* expand-button.png */; };
		3F992CE9178A6F1900E67ABD /* GoogleMaps.bundle in Resources */ = {isa = PBXBuildFile; fileRef = 3F992CE8178A6F1900E67ABD /* GoogleMaps.bundle */; };
		3F9B1A19176E995D00C566B9 /* icon@2x.png in Resources */ = {isa = PBXBuildFile; fileRef = 3F9B1A18176E995D00C566B9 /* icon@2x.png */; };
		3F9B1A1B176E999900C566B9 /* icon.png in Resources */ = {isa = PBXBuildFile; fileRef = 3F9B1A1A176E999900C566B9 /* icon.png */; };
		3F9EF883175C0AB10089EC2A /* location-disabled@2x.png in Resources */ = {isa = PBXBuildFile; fileRef = 3F9EF881175C0AB10089EC2A /* location-disabled@2x.png */; };
		3F9EF884175C0AB10089EC2A /* location-search@2x.png in Resources */ = {isa = PBXBuildFile; fileRef = 3F9EF882175C0AB10089EC2A /* location-search@2x.png */; };
		3F9EF887175C10BD0089EC2A /* Location.m in Sources */ = {isa = PBXBuildFile; fileRef = 3F9EF886175C10BD0089EC2A /* Location.m */; };
		3F9EF889175C344A0089EC2A /* clear-button@2x.png in Resources */ = {isa = PBXBuildFile; fileRef = 3F9EF888175C344A0089EC2A /* clear-button@2x.png */; };
		3F9EF88C175C387C0089EC2A /* Meeting.m in Sources */ = {isa = PBXBuildFile; fileRef = 3F9EF88B175C387C0089EC2A /* Meeting.m */; };
		3F9EF88E175C40460089EC2A /* cancel-button-dark@2x.png in Resources */ = {isa = PBXBuildFile; fileRef = 3F9EF88D175C40460089EC2A /* cancel-button-dark@2x.png */; };
		3F9EF890175DC3040089EC2A /* white-bubble@2x.png in Resources */ = {isa = PBXBuildFile; fileRef = 3F9EF88F175DC3040089EC2A /* white-bubble@2x.png */; };
		3F9EF893176057440089EC2A /* AddContactViewController.m in Sources */ = {isa = PBXBuildFile; fileRef = 3F9EF892176057430089EC2A /* AddContactViewController.m */; };
		3FA1018C17447769007D2520 /* UIKit.framework in Frameworks */ = {isa = PBXBuildFile; fileRef = 3FA1018B17447769007D2520 /* UIKit.framework */; };
		3FA1018E17447769007D2520 /* Foundation.framework in Frameworks */ = {isa = PBXBuildFile; fileRef = 3FA1018D17447769007D2520 /* Foundation.framework */; };
		3FA1019017447769007D2520 /* CoreGraphics.framework in Frameworks */ = {isa = PBXBuildFile; fileRef = 3FA1018F17447769007D2520 /* CoreGraphics.framework */; };
		3FA1019617447769007D2520 /* InfoPlist.strings in Resources */ = {isa = PBXBuildFile; fileRef = 3FA1019417447769007D2520 /* InfoPlist.strings */; };
		3FA1019817447769007D2520 /* main.m in Sources */ = {isa = PBXBuildFile; fileRef = 3FA1019717447769007D2520 /* main.m */; };
		3FA1019C17447769007D2520 /* LLAppDelegate.m in Sources */ = {isa = PBXBuildFile; fileRef = 3FA1019B17447769007D2520 /* LLAppDelegate.m */; };
		3FA1019E17447769007D2520 /* Default.png in Resources */ = {isa = PBXBuildFile; fileRef = 3FA1019D17447769007D2520 /* Default.png */; };
		3FA101A017447769007D2520 /* Default@2x.png in Resources */ = {isa = PBXBuildFile; fileRef = 3FA1019F17447769007D2520 /* Default@2x.png */; };
		3FA101A217447769007D2520 /* Default-568h@2x.png in Resources */ = {isa = PBXBuildFile; fileRef = 3FA101A117447769007D2520 /* Default-568h@2x.png */; };
		3FA101AA17447769007D2520 /* SenTestingKit.framework in Frameworks */ = {isa = PBXBuildFile; fileRef = 3FA101A917447769007D2520 /* SenTestingKit.framework */; };
		3FA101AB17447769007D2520 /* UIKit.framework in Frameworks */ = {isa = PBXBuildFile; fileRef = 3FA1018B17447769007D2520 /* UIKit.framework */; };
		3FA101AC17447769007D2520 /* Foundation.framework in Frameworks */ = {isa = PBXBuildFile; fileRef = 3FA1018D17447769007D2520 /* Foundation.framework */; };
		3FA101B417447769007D2520 /* InfoPlist.strings in Resources */ = {isa = PBXBuildFile; fileRef = 3FA101B217447769007D2520 /* InfoPlist.strings */; };
		3FA101B717447769007D2520 /* QueueTests.m in Sources */ = {isa = PBXBuildFile; fileRef = 3FA101B617447769007D2520 /* QueueTests.m */; };
		3FA101C8174484AB007D2520 /* LLPullNavigationController.m in Sources */ = {isa = PBXBuildFile; fileRef = 3FA101C7174484AB007D2520 /* LLPullNavigationController.m */; };
		3FABEE231745F9A200BBB760 /* QueueViewController.m in Sources */ = {isa = PBXBuildFile; fileRef = 3FABEE221745F9A200BBB760 /* QueueViewController.m */; };
		3FABEE291746012600BBB760 /* AddressBook.framework in Frameworks */ = {isa = PBXBuildFile; fileRef = 3FABEE271746012600BBB760 /* AddressBook.framework */; };
		3FABEE2A1746012600BBB760 /* AddressBookUI.framework in Frameworks */ = {isa = PBXBuildFile; fileRef = 3FABEE281746012600BBB760 /* AddressBookUI.framework */; };
		3FABEE2C174812A700BBB760 /* CoreData.framework in Frameworks */ = {isa = PBXBuildFile; fileRef = 3FABEE2B174812A700BBB760 /* CoreData.framework */; };
		3FABEE761748130F00BBB760 /* Queue.xcdatamodeld in Sources */ = {isa = PBXBuildFile; fileRef = 3FABEE741748130F00BBB760 /* Queue.xcdatamodeld */; };
		3FABEE79174822C800BBB760 /* Contact.m in Sources */ = {isa = PBXBuildFile; fileRef = 3FABEE78174822C800BBB760 /* Contact.m */; };
		3FABEE7C174823BA00BBB760 /* Queue.m in Sources */ = {isa = PBXBuildFile; fileRef = 3FABEE7B174823BA00BBB760 /* Queue.m */; };
		3FABEE7F17483ED800BBB760 /* QueuesViewController.m in Sources */ = {isa = PBXBuildFile; fileRef = 3FABEE7E17483ED800BBB760 /* QueuesViewController.m */; };
		3FAC62541762EA5500E20373 /* roundabout@2x.png in Resources */ = {isa = PBXBuildFile; fileRef = 3FAC62531762EA5500E20373 /* roundabout@2x.png */; };
		3FAC62561762F78700E20373 /* reminder-icon@2x.png in Resources */ = {isa = PBXBuildFile; fileRef = 3FAC62551762F78700E20373 /* reminder-icon@2x.png */; };
		3FAC62581762F8AD00E20373 /* reminder-icon-disabled@2x.png in Resources */ = {isa = PBXBuildFile; fileRef = 3FAC62571762F8AD00E20373 /* reminder-icon-disabled@2x.png */; };
		3FAC625B1762FC7D00E20373 /* IntervalPicker.plist in Resources */ = {isa = PBXBuildFile; fileRef = 3FAC625A1762FC7D00E20373 /* IntervalPicker.plist */; };
		3FAC625E1762FD0600E20373 /* NSArray-SortUsingArray.m in Sources */ = {isa = PBXBuildFile; fileRef = 3FAC625D1762FD0600E20373 /* NSArray-SortUsingArray.m */; };
		3FAC625F1763017F00E20373 /* NSArray-SortUsingArray.m in Sources */ = {isa = PBXBuildFile; fileRef = 3FAC625D1762FD0600E20373 /* NSArray-SortUsingArray.m */; };
		3FE80CE6174DBFEC0009D61D /* nav-bar@2x.png in Resources */ = {isa = PBXBuildFile; fileRef = 3FE80CE5174DBFEC0009D61D /* nav-bar@2x.png */; };
		3FE80CE8174DC82D0009D61D /* back@2x.png in Resources */ = {isa = PBXBuildFile; fileRef = 3FE80CE7174DC82D0009D61D /* back@2x.png */; };
		3FE80CEC174DCBE90009D61D /* add@2x.png in Resources */ = {isa = PBXBuildFile; fileRef = 3FE80CEB174DCBE90009D61D /* add@2x.png */; };
		3FE80CF0174DCED50009D61D /* done@2x.png in Resources */ = {isa = PBXBuildFile; fileRef = 3FE80CEF174DCED50009D61D /* done@2x.png */; };
		3FE80CF2174DD05E0009D61D /* cancel@2x.png in Resources */ = {isa = PBXBuildFile; fileRef = 3FE80CF1174DD05E0009D61D /* cancel@2x.png */; };
		3FE80D00174DE8A30009D61D /* QueueBarButtonItem.m in Sources */ = {isa = PBXBuildFile; fileRef = 3FE80CFF174DE8A30009D61D /* QueueBarButtonItem.m */; };
		3FE80D02174DF34E0009D61D /* queue_background@2x.png in Resources */ = {isa = PBXBuildFile; fileRef = 3FE80D01174DF34E0009D61D /* queue_background@2x.png */; };
		3FE80D04174DF4F60009D61D /* queue-row-background@2x.png in Resources */ = {isa = PBXBuildFile; fileRef = 3FE80D03174DF4F60009D61D /* queue-row-background@2x.png */; };
		3FE80D07174F0D380009D61D /* QueueContactCell.m in Sources */ = {isa = PBXBuildFile; fileRef = 3FE80D06174F0D380009D61D /* QueueContactCell.m */; };
		3FE80D09174F12390009D61D /* contact-avatar-placeholder@2x.png in Resources */ = {isa = PBXBuildFile; fileRef = 3FE80D08174F12390009D61D /* contact-avatar-placeholder@2x.png */; };
		3FF2C0211749D74E007203D8 /* AddMeetingViewController.m in Sources */ = {isa = PBXBuildFile; fileRef = 3FF2C0201749D74E007203D8 /* AddMeetingViewController.m */; };
		3FF2C027174B52DC007203D8 /* TimelineViewController.m in Sources */ = {isa = PBXBuildFile; fileRef = 3FF2C026174B52DC007203D8 /* TimelineViewController.m */; };
		695BF155177C543E00A3F865 /* check-finished@2x.png in Resources */ = {isa = PBXBuildFile; fileRef = 695BF154177C543E00A3F865 /* check-finished@2x.png */; };
		695BF1581780E7CC00A3F865 /* QueueContactImageView.m in Sources */ = {isa = PBXBuildFile; fileRef = 695BF1571780E7CC00A3F865 /* QueueContactImageView.m */; };
		695BF15A1780FEC300A3F865 /* snooze-well@2x.png in Resources */ = {isa = PBXBuildFile; fileRef = 695BF1591780FEC300A3F865 /* snooze-well@2x.png */; };
		695BF15C1781222C00A3F865 /* snooze-drop@2x.png in Resources */ = {isa = PBXBuildFile; fileRef = 695BF15B1781222C00A3F865 /* snooze-drop@2x.png */; };
		695BF16117878BA000A3F865 /* ContactChooserViewController.m in Sources */ = {isa = PBXBuildFile; fileRef = 695BF16017878BA000A3F865 /* ContactChooserViewController.m */; };
/* End PBXBuildFile section */

/* Begin PBXContainerItemProxy section */
		3FA101AD17447769007D2520 /* PBXContainerItemProxy */ = {
			isa = PBXContainerItemProxy;
			containerPortal = 3FA1018017447769007D2520 /* Project object */;
			proxyType = 1;
			remoteGlobalIDString = 3FA1018717447769007D2520;
			remoteInfo = Queue;
		};
/* End PBXContainerItemProxy section */

/* Begin PBXFileReference section */
		3F2CA0F417766022009EAED7 /* reorder-control@2x.png */ = {isa = PBXFileReference; lastKnownFileType = image.png; name = "reorder-control@2x.png"; path = "Queue/reorder-control@2x.png"; sourceTree = "<group>"; };
		3F2CA0F817796A11009EAED7 /* pull-to-switch-arrow@2x.png */ = {isa = PBXFileReference; lastKnownFileType = image.png; name = "pull-to-switch-arrow@2x.png"; path = "Queue/pull-to-switch-arrow@2x.png"; sourceTree = "<group>"; };
		3F3264961763A328000BCF83 /* reminder-day-of-disabled@2x.png */ = {isa = PBXFileReference; lastKnownFileType = image.png; name = "reminder-day-of-disabled@2x.png"; path = "Queue/reminder-day-of-disabled@2x.png"; sourceTree = "<group>"; };
		3F3264981763A37F000BCF83 /* reminder-day-of-enabled@2x.png */ = {isa = PBXFileReference; lastKnownFileType = image.png; name = "reminder-day-of-enabled@2x.png"; path = "Queue/reminder-day-of-enabled@2x.png"; sourceTree = "<group>"; };
		3F32649A1763AAD6000BCF83 /* reminder-day-before-disabled@2x.png */ = {isa = PBXFileReference; lastKnownFileType = image.png; name = "reminder-day-before-disabled@2x.png"; path = "Queue/reminder-day-before-disabled@2x.png"; sourceTree = "<group>"; };
		3F32649B1763AAD6000BCF83 /* reminder-day-before-enabled@2x.png */ = {isa = PBXFileReference; lastKnownFileType = image.png; name = "reminder-day-before-enabled@2x.png"; path = "Queue/reminder-day-before-enabled@2x.png"; sourceTree = "<group>"; };
		3F32649E1763AC40000BCF83 /* reminder-week-disabled@2x.png */ = {isa = PBXFileReference; lastKnownFileType = image.png; name = "reminder-week-disabled@2x.png"; path = "Queue/reminder-week-disabled@2x.png"; sourceTree = "<group>"; };
		3F32649F1763AC40000BCF83 /* reminder-week-enabled@2x.png */ = {isa = PBXFileReference; lastKnownFileType = image.png; name = "reminder-week-enabled@2x.png"; path = "Queue/reminder-week-enabled@2x.png"; sourceTree = "<group>"; };
		3F3264A217642362000BCF83 /* LLPullNavigationScrollView.h */ = {isa = PBXFileReference; fileEncoding = 4; lastKnownFileType = sourcecode.c.h; path = LLPullNavigationScrollView.h; sourceTree = "<group>"; };
		3F3264A317642362000BCF83 /* LLPullNavigationScrollView.m */ = {isa = PBXFileReference; fileEncoding = 4; lastKnownFileType = sourcecode.c.objc; path = LLPullNavigationScrollView.m; sourceTree = "<group>"; };
		3F3264A517647A09000BCF83 /* LLPullNavigationTableView.h */ = {isa = PBXFileReference; fileEncoding = 4; lastKnownFileType = sourcecode.c.h; path = LLPullNavigationTableView.h; sourceTree = "<group>"; };
		3F3264A617647A09000BCF83 /* LLPullNavigationTableView.m */ = {isa = PBXFileReference; fileEncoding = 4; lastKnownFileType = sourcecode.c.objc; path = LLPullNavigationTableView.m; sourceTree = "<group>"; };
		3F3264D4176AD842000BCF83 /* QueueCell.h */ = {isa = PBXFileReference; fileEncoding = 4; lastKnownFileType = sourcecode.c.h; path = QueueCell.h; sourceTree = "<group>"; };
		3F3264D5176AD842000BCF83 /* QueueCell.m */ = {isa = PBXFileReference; fileEncoding = 4; lastKnownFileType = sourcecode.c.objc; path = QueueCell.m; sourceTree = "<group>"; };
		3F3264D9176AE918000BCF83 /* queue-cell-background-selectable@2x.png */ = {isa = PBXFileReference; lastKnownFileType = image.png; name = "queue-cell-background-selectable@2x.png"; path = "Queue/queue-cell-background-selectable@2x.png"; sourceTree = "<group>"; };
		3F5FA4AB17544283002A0F5B /* expanded-button@2x.png */ = {isa = PBXFileReference; lastKnownFileType = image.png; name = "expanded-button@2x.png"; path = "Queue/expanded-button@2x.png"; sourceTree = "<group>"; };
		3F5FA4AD17544C6F002A0F5B /* contract-button@2x.png */ = {isa = PBXFileReference; lastKnownFileType = image.png; name = "contract-button@2x.png"; path = "Queue/contract-button@2x.png"; sourceTree = "<group>"; };
		3F5FA4AF175458FD002A0F5B /* add-meeting-button@2x.png */ = {isa = PBXFileReference; lastKnownFileType = image.png; name = "add-meeting-button@2x.png"; path = "Queue/add-meeting-button@2x.png"; sourceTree = "<group>"; };
		3F5FA4B0175458FD002A0F5B /* delete-button@2x.png */ = {isa = PBXFileReference; lastKnownFileType = image.png; name = "delete-button@2x.png"; path = "Queue/delete-button@2x.png"; sourceTree = "<group>"; };
		3F5FA4B1175458FD002A0F5B /* email-button@2x.png */ = {isa = PBXFileReference; lastKnownFileType = image.png; name = "email-button@2x.png"; path = "Queue/email-button@2x.png"; sourceTree = "<group>"; };
		3F5FA4B2175458FD002A0F5B /* settings-button@2x.png */ = {isa = PBXFileReference; lastKnownFileType = image.png; name = "settings-button@2x.png"; path = "Queue/settings-button@2x.png"; sourceTree = "<group>"; };
		3F5FA4B3175458FE002A0F5B /* snooze-button@2x.png */ = {isa = PBXFileReference; lastKnownFileType = image.png; name = "snooze-button@2x.png"; path = "Queue/snooze-button@2x.png"; sourceTree = "<group>"; };
		3F934436175AD49C000FD331 /* CoreLocation.framework */ = {isa = PBXFileReference; lastKnownFileType = wrapper.framework; name = CoreLocation.framework; path = System/Library/Frameworks/CoreLocation.framework; sourceTree = SDKROOT; };
		3F934438175AD9DE000FD331 /* LLDataDownloader.h */ = {isa = PBXFileReference; fileEncoding = 4; lastKnownFileType = sourcecode.c.h; path = LLDataDownloader.h; sourceTree = "<group>"; };
		3F934439175AD9DE000FD331 /* LLDataDownloader.m */ = {isa = PBXFileReference; fileEncoding = 4; lastKnownFileType = sourcecode.c.objc; path = LLDataDownloader.m; sourceTree = "<group>"; };
		3F93443C175ADDF2000FD331 /* SBJSON.h */ = {isa = PBXFileReference; fileEncoding = 4; lastKnownFileType = sourcecode.c.h; path = SBJSON.h; sourceTree = "<group>"; };
		3F93443D175ADDF2000FD331 /* SBJSON.m */ = {isa = PBXFileReference; fileEncoding = 4; lastKnownFileType = sourcecode.c.objc; path = SBJSON.m; sourceTree = "<group>"; };
		3F93443E175ADDF2000FD331 /* SBJsonBase.h */ = {isa = PBXFileReference; fileEncoding = 4; lastKnownFileType = sourcecode.c.h; path = SBJsonBase.h; sourceTree = "<group>"; };
		3F93443F175ADDF2000FD331 /* SBJsonBase.m */ = {isa = PBXFileReference; fileEncoding = 4; lastKnownFileType = sourcecode.c.objc; path = SBJsonBase.m; sourceTree = "<group>"; };
		3F934440175ADDF2000FD331 /* SBJsonParser.h */ = {isa = PBXFileReference; fileEncoding = 4; lastKnownFileType = sourcecode.c.h; path = SBJsonParser.h; sourceTree = "<group>"; };
		3F934441175ADDF2000FD331 /* SBJsonParser.m */ = {isa = PBXFileReference; fileEncoding = 4; lastKnownFileType = sourcecode.c.objc; path = SBJsonParser.m; sourceTree = "<group>"; };
		3F934442175ADDF2000FD331 /* SBJsonWriter.h */ = {isa = PBXFileReference; fileEncoding = 4; lastKnownFileType = sourcecode.c.h; path = SBJsonWriter.h; sourceTree = "<group>"; };
		3F934443175ADDF2000FD331 /* SBJsonWriter.m */ = {isa = PBXFileReference; fileEncoding = 4; lastKnownFileType = sourcecode.c.objc; path = SBJsonWriter.m; sourceTree = "<group>"; };
		3F934448175AE968000FD331 /* location-enabled@2x.png */ = {isa = PBXFileReference; lastKnownFileType = image.png; name = "location-enabled@2x.png"; path = "Queue/location-enabled@2x.png"; sourceTree = "<group>"; };
		3F93444A175AF179000FD331 /* GoogleMaps.framework */ = {isa = PBXFileReference; lastKnownFileType = wrapper.framework; path = GoogleMaps.framework; sourceTree = "<group>"; };
		3F93444E175AF244000FD331 /* AVFoundation.framework */ = {isa = PBXFileReference; lastKnownFileType = wrapper.framework; name = AVFoundation.framework; path = System/Library/Frameworks/AVFoundation.framework; sourceTree = SDKROOT; };
		3F93444F175AF244000FD331 /* CoreText.framework */ = {isa = PBXFileReference; lastKnownFileType = wrapper.framework; name = CoreText.framework; path = System/Library/Frameworks/CoreText.framework; sourceTree = SDKROOT; };
		3F934450175AF244000FD331 /* GLKit.framework */ = {isa = PBXFileReference; lastKnownFileType = wrapper.framework; name = GLKit.framework; path = System/Library/Frameworks/GLKit.framework; sourceTree = SDKROOT; };
		3F934451175AF245000FD331 /* ImageIO.framework */ = {isa = PBXFileReference; lastKnownFileType = wrapper.framework; name = ImageIO.framework; path = System/Library/Frameworks/ImageIO.framework; sourceTree = SDKROOT; };
		3F934452175AF245000FD331 /* libc++.dylib */ = {isa = PBXFileReference; lastKnownFileType = "compiled.mach-o.dylib"; name = "libc++.dylib"; path = "usr/lib/libc++.dylib"; sourceTree = SDKROOT; };
		3F934453175AF245000FD331 /* libicucore.dylib */ = {isa = PBXFileReference; lastKnownFileType = "compiled.mach-o.dylib"; name = libicucore.dylib; path = usr/lib/libicucore.dylib; sourceTree = SDKROOT; };
		3F934454175AF245000FD331 /* libz.dylib */ = {isa = PBXFileReference; lastKnownFileType = "compiled.mach-o.dylib"; name = libz.dylib; path = usr/lib/libz.dylib; sourceTree = SDKROOT; };
		3F934455175AF245000FD331 /* OpenGLES.framework */ = {isa = PBXFileReference; lastKnownFileType = wrapper.framework; name = OpenGLES.framework; path = System/Library/Frameworks/OpenGLES.framework; sourceTree = SDKROOT; };
		3F934456175AF245000FD331 /* QuartzCore.framework */ = {isa = PBXFileReference; lastKnownFileType = wrapper.framework; name = QuartzCore.framework; path = System/Library/Frameworks/QuartzCore.framework; sourceTree = SDKROOT; };
		3F934457175AF245000FD331 /* SystemConfiguration.framework */ = {isa = PBXFileReference; lastKnownFileType = wrapper.framework; name = SystemConfiguration.framework; path = System/Library/Frameworks/SystemConfiguration.framework; sourceTree = SDKROOT; };
		3F94A9461785F1040054A733 /* Queue 0.1.xcdatamodel */ = {isa = PBXFileReference; lastKnownFileType = wrapper.xcdatamodel; path = "Queue 0.1.xcdatamodel"; sourceTree = "<group>"; };
		3F94A95317860DCB0054A733 /* avatar-gloss@2x.png */ = {isa = PBXFileReference; lastKnownFileType = image.png; name = "avatar-gloss@2x.png"; path = "Queue/avatar-gloss@2x.png"; sourceTree = "<group>"; };
		3F94A9561786123D0054A733 /* contact-avatar-placeholder-clean@2x.png */ = {isa = PBXFileReference; lastKnownFileType = image.png; name = "contact-avatar-placeholder-clean@2x.png"; path = "Queue/contact-avatar-placeholder-clean@2x.png"; sourceTree = "<group>"; };
		3F94A959178621A10054A733 /* UIImage+Alpha.h */ = {isa = PBXFileReference; fileEncoding = 4; lastKnownFileType = sourcecode.c.h; path = "UIImage+Alpha.h"; sourceTree = "<group>"; };
		3F94A95A178621A10054A733 /* UIImage+Alpha.m */ = {isa = PBXFileReference; fileEncoding = 4; lastKnownFileType = sourcecode.c.objc; path = "UIImage+Alpha.m"; sourceTree = "<group>"; };
		3F94A95B178621A10054A733 /* UIImage+Resize.h */ = {isa = PBXFileReference; fileEncoding = 4; lastKnownFileType = sourcecode.c.h; path = "UIImage+Resize.h"; sourceTree = "<group>"; };
		3F94A95C178621A10054A733 /* UIImage+Resize.m */ = {isa = PBXFileReference; fileEncoding = 4; lastKnownFileType = sourcecode.c.objc; path = "UIImage+Resize.m"; sourceTree = "<group>"; };
		3F94A95D178621A10054A733 /* UIImage+RoundedCorner.h */ = {isa = PBXFileReference; fileEncoding = 4; lastKnownFileType = sourcecode.c.h; path = "UIImage+RoundedCorner.h"; sourceTree = "<group>"; };
		3F94A95E178621A20054A733 /* UIImage+RoundedCorner.m */ = {isa = PBXFileReference; fileEncoding = 4; lastKnownFileType = sourcecode.c.objc; path = "UIImage+RoundedCorner.m"; sourceTree = "<group>"; };
		3F94A965178659340054A733 /* ContactImageView.h */ = {isa = PBXFileReference; fileEncoding = 4; lastKnownFileType = sourcecode.c.h; path = ContactImageView.h; sourceTree = "<group>"; };
		3F94A966178659350054A733 /* ContactImageView.m */ = {isa = PBXFileReference; fileEncoding = 4; lastKnownFileType = sourcecode.c.objc; path = ContactImageView.m; sourceTree = "<group>"; };
		3F94A9691786625E0054A733 /* avatar-gloss-small@2x.png */ = {isa = PBXFileReference; lastKnownFileType = image.png; name = "avatar-gloss-small@2x.png"; path = "Queue/avatar-gloss-small@2x.png"; sourceTree = "<group>"; };
		3F97763F175723C200E6B5B7 /* LocationChooserViewController.h */ = {isa = PBXFileReference; fileEncoding = 4; lastKnownFileType = sourcecode.c.h; path = LocationChooserViewController.h; sourceTree = "<group>"; };
		3F977640175723C200E6B5B7 /* LocationChooserViewController.m */ = {isa = PBXFileReference; fileEncoding = 4; lastKnownFileType = sourcecode.c.objc; path = LocationChooserViewController.m; sourceTree = "<group>"; };
		3F977642175726B000E6B5B7 /* calendar_full@2x.png */ = {isa = PBXFileReference; lastKnownFileType = image.png; name = "calendar_full@2x.png"; path = "Queue/calendar_full@2x.png"; sourceTree = "<group>"; };
		3F977643175726B000E6B5B7 /* notepad@2x.png */ = {isa = PBXFileReference; lastKnownFileType = image.png; name = "notepad@2x.png"; path = "Queue/notepad@2x.png"; sourceTree = "<group>"; };
		3F97764617572C4900E6B5B7 /* light-background@2x.png */ = {isa = PBXFileReference; lastKnownFileType = image.png; name = "light-background@2x.png"; path = "Queue/light-background@2x.png"; sourceTree = "<group>"; };
		3F98A2EB17529196006A3668 /* timeline-inner-shadow.png */ = {isa = PBXFileReference; lastKnownFileType = image.png; name = "timeline-inner-shadow.png"; path = "Queue/timeline-inner-shadow.png"; sourceTree = "<group>"; };
		3F98A2ED17529A32006A3668 /* MeetingCell.h */ = {isa = PBXFileReference; fileEncoding = 4; lastKnownFileType = sourcecode.c.h; path = MeetingCell.h; sourceTree = "<group>"; };
		3F98A2EE17529A32006A3668 /* MeetingCell.m */ = {isa = PBXFileReference; fileEncoding = 4; lastKnownFileType = sourcecode.c.objc; path = MeetingCell.m; sourceTree = "<group>"; };
		3F98A2F01752ED39006A3668 /* expand-button.png */ = {isa = PBXFileReference; lastKnownFileType = image.png; name = "expand-button.png"; path = "Queue/expand-button.png"; sourceTree = "<group>"; };
		3F992CE8178A6F1900E67ABD /* GoogleMaps.bundle */ = {isa = PBXFileReference; lastKnownFileType = "wrapper.plug-in"; name = GoogleMaps.bundle; path = "../../../Downloads/GoogleMaps-iOS-1.3.0/GoogleMaps.framework/Versions/A/Resources/GoogleMaps.bundle"; sourceTree = "<group>"; };
		3F9B1A18176E995D00C566B9 /* icon@2x.png */ = {isa = PBXFileReference; lastKnownFileType = image.png; path = "icon@2x.png"; sourceTree = "<group>"; };
		3F9B1A1A176E999900C566B9 /* icon.png */ = {isa = PBXFileReference; lastKnownFileType = image.png; path = icon.png; sourceTree = "<group>"; };
		3F9EF881175C0AB10089EC2A /* location-disabled@2x.png */ = {isa = PBXFileReference; lastKnownFileType = image.png; name = "location-disabled@2x.png"; path = "Queue/location-disabled@2x.png"; sourceTree = "<group>"; };
		3F9EF882175C0AB10089EC2A /* location-search@2x.png */ = {isa = PBXFileReference; lastKnownFileType = image.png; name = "location-search@2x.png"; path = "Queue/location-search@2x.png"; sourceTree = "<group>"; };
		3F9EF885175C10BD0089EC2A /* Location.h */ = {isa = PBXFileReference; fileEncoding = 4; lastKnownFileType = sourcecode.c.h; path = Location.h; sourceTree = "<group>"; };
		3F9EF886175C10BD0089EC2A /* Location.m */ = {isa = PBXFileReference; fileEncoding = 4; lastKnownFileType = sourcecode.c.objc; path = Location.m; sourceTree = "<group>"; };
		3F9EF888175C344A0089EC2A /* clear-button@2x.png */ = {isa = PBXFileReference; lastKnownFileType = image.png; name = "clear-button@2x.png"; path = "Queue/clear-button@2x.png"; sourceTree = "<group>"; };
		3F9EF88A175C387B0089EC2A /* Meeting.h */ = {isa = PBXFileReference; fileEncoding = 4; lastKnownFileType = sourcecode.c.h; path = Meeting.h; sourceTree = "<group>"; };
		3F9EF88B175C387C0089EC2A /* Meeting.m */ = {isa = PBXFileReference; fileEncoding = 4; lastKnownFileType = sourcecode.c.objc; path = Meeting.m; sourceTree = "<group>"; };
		3F9EF88D175C40460089EC2A /* cancel-button-dark@2x.png */ = {isa = PBXFileReference; lastKnownFileType = image.png; name = "cancel-button-dark@2x.png"; path = "Queue/cancel-button-dark@2x.png"; sourceTree = "<group>"; };
		3F9EF88F175DC3040089EC2A /* white-bubble@2x.png */ = {isa = PBXFileReference; lastKnownFileType = image.png; name = "white-bubble@2x.png"; path = "Queue/white-bubble@2x.png"; sourceTree = "<group>"; };
		3F9EF891176057420089EC2A /* AddContactViewController.h */ = {isa = PBXFileReference; fileEncoding = 4; lastKnownFileType = sourcecode.c.h; path = AddContactViewController.h; sourceTree = "<group>"; };
		3F9EF892176057430089EC2A /* AddContactViewController.m */ = {isa = PBXFileReference; fileEncoding = 4; lastKnownFileType = sourcecode.c.objc; path = AddContactViewController.m; sourceTree = "<group>"; };
		3FA1018817447769007D2520 /* Queue.app */ = {isa = PBXFileReference; explicitFileType = wrapper.application; includeInIndex = 0; path = Queue.app; sourceTree = BUILT_PRODUCTS_DIR; };
		3FA1018B17447769007D2520 /* UIKit.framework */ = {isa = PBXFileReference; lastKnownFileType = wrapper.framework; name = UIKit.framework; path = System/Library/Frameworks/UIKit.framework; sourceTree = SDKROOT; };
		3FA1018D17447769007D2520 /* Foundation.framework */ = {isa = PBXFileReference; lastKnownFileType = wrapper.framework; name = Foundation.framework; path = System/Library/Frameworks/Foundation.framework; sourceTree = SDKROOT; };
		3FA1018F17447769007D2520 /* CoreGraphics.framework */ = {isa = PBXFileReference; lastKnownFileType = wrapper.framework; name = CoreGraphics.framework; path = System/Library/Frameworks/CoreGraphics.framework; sourceTree = SDKROOT; };
		3FA1019317447769007D2520 /* Queue-Info.plist */ = {isa = PBXFileReference; lastKnownFileType = text.plist.xml; path = "Queue-Info.plist"; sourceTree = "<group>"; };
		3FA1019517447769007D2520 /* en */ = {isa = PBXFileReference; lastKnownFileType = text.plist.strings; name = en; path = en.lproj/InfoPlist.strings; sourceTree = "<group>"; };
		3FA1019717447769007D2520 /* main.m */ = {isa = PBXFileReference; lastKnownFileType = sourcecode.c.objc; path = main.m; sourceTree = "<group>"; };
		3FA1019917447769007D2520 /* Queue-Prefix.pch */ = {isa = PBXFileReference; lastKnownFileType = sourcecode.c.h; path = "Queue-Prefix.pch"; sourceTree = "<group>"; };
		3FA1019A17447769007D2520 /* LLAppDelegate.h */ = {isa = PBXFileReference; lastKnownFileType = sourcecode.c.h; path = LLAppDelegate.h; sourceTree = "<group>"; };
		3FA1019B17447769007D2520 /* LLAppDelegate.m */ = {isa = PBXFileReference; lastKnownFileType = sourcecode.c.objc; path = LLAppDelegate.m; sourceTree = "<group>"; };
		3FA1019D17447769007D2520 /* Default.png */ = {isa = PBXFileReference; lastKnownFileType = image.png; path = Default.png; sourceTree = "<group>"; };
		3FA1019F17447769007D2520 /* Default@2x.png */ = {isa = PBXFileReference; lastKnownFileType = image.png; path = "Default@2x.png"; sourceTree = "<group>"; };
		3FA101A117447769007D2520 /* Default-568h@2x.png */ = {isa = PBXFileReference; lastKnownFileType = image.png; path = "Default-568h@2x.png"; sourceTree = "<group>"; };
		3FA101A817447769007D2520 /* QueueTests.octest */ = {isa = PBXFileReference; explicitFileType = wrapper.cfbundle; includeInIndex = 0; path = QueueTests.octest; sourceTree = BUILT_PRODUCTS_DIR; };
		3FA101A917447769007D2520 /* SenTestingKit.framework */ = {isa = PBXFileReference; lastKnownFileType = wrapper.framework; name = SenTestingKit.framework; path = Library/Frameworks/SenTestingKit.framework; sourceTree = DEVELOPER_DIR; };
		3FA101B117447769007D2520 /* QueueTests-Info.plist */ = {isa = PBXFileReference; lastKnownFileType = text.plist.xml; path = "QueueTests-Info.plist"; sourceTree = "<group>"; };
		3FA101B317447769007D2520 /* en */ = {isa = PBXFileReference; lastKnownFileType = text.plist.strings; name = en; path = en.lproj/InfoPlist.strings; sourceTree = "<group>"; };
		3FA101B517447769007D2520 /* QueueTests.h */ = {isa = PBXFileReference; lastKnownFileType = sourcecode.c.h; path = QueueTests.h; sourceTree = "<group>"; };
		3FA101B617447769007D2520 /* QueueTests.m */ = {isa = PBXFileReference; lastKnownFileType = sourcecode.c.objc; path = QueueTests.m; sourceTree = "<group>"; };
		3FA101C6174484AB007D2520 /* LLPullNavigationController.h */ = {isa = PBXFileReference; fileEncoding = 4; lastKnownFileType = sourcecode.c.h; path = LLPullNavigationController.h; sourceTree = "<group>"; };
		3FA101C7174484AB007D2520 /* LLPullNavigationController.m */ = {isa = PBXFileReference; fileEncoding = 4; lastKnownFileType = sourcecode.c.objc; path = LLPullNavigationController.m; sourceTree = "<group>"; };
		3FABEE211745F9A200BBB760 /* QueueViewController.h */ = {isa = PBXFileReference; fileEncoding = 4; lastKnownFileType = sourcecode.c.h; path = QueueViewController.h; sourceTree = "<group>"; };
		3FABEE221745F9A200BBB760 /* QueueViewController.m */ = {isa = PBXFileReference; fileEncoding = 4; lastKnownFileType = sourcecode.c.objc; path = QueueViewController.m; sourceTree = "<group>"; };
		3FABEE271746012600BBB760 /* AddressBook.framework */ = {isa = PBXFileReference; lastKnownFileType = wrapper.framework; name = AddressBook.framework; path = System/Library/Frameworks/AddressBook.framework; sourceTree = SDKROOT; };
		3FABEE281746012600BBB760 /* AddressBookUI.framework */ = {isa = PBXFileReference; lastKnownFileType = wrapper.framework; name = AddressBookUI.framework; path = System/Library/Frameworks/AddressBookUI.framework; sourceTree = SDKROOT; };
		3FABEE2B174812A700BBB760 /* CoreData.framework */ = {isa = PBXFileReference; lastKnownFileType = wrapper.framework; name = CoreData.framework; path = System/Library/Frameworks/CoreData.framework; sourceTree = SDKROOT; };
		3FABEE751748130F00BBB760 /* Queue.xcdatamodel */ = {isa = PBXFileReference; lastKnownFileType = wrapper.xcdatamodel; path = Queue.xcdatamodel; sourceTree = "<group>"; };
		3FABEE77174822C800BBB760 /* Contact.h */ = {isa = PBXFileReference; fileEncoding = 4; lastKnownFileType = sourcecode.c.h; path = Contact.h; sourceTree = "<group>"; };
		3FABEE78174822C800BBB760 /* Contact.m */ = {isa = PBXFileReference; fileEncoding = 4; lastKnownFileType = sourcecode.c.objc; path = Contact.m; sourceTree = "<group>"; };
		3FABEE7A174823BA00BBB760 /* Queue.h */ = {isa = PBXFileReference; fileEncoding = 4; lastKnownFileType = sourcecode.c.h; path = Queue.h; sourceTree = "<group>"; };
		3FABEE7B174823BA00BBB760 /* Queue.m */ = {isa = PBXFileReference; fileEncoding = 4; lastKnownFileType = sourcecode.c.objc; path = Queue.m; sourceTree = "<group>"; };
		3FABEE7D17483ED700BBB760 /* QueuesViewController.h */ = {isa = PBXFileReference; fileEncoding = 4; lastKnownFileType = sourcecode.c.h; path = QueuesViewController.h; sourceTree = "<group>"; };
		3FABEE7E17483ED800BBB760 /* QueuesViewController.m */ = {isa = PBXFileReference; fileEncoding = 4; lastKnownFileType = sourcecode.c.objc; path = QueuesViewController.m; sourceTree = "<group>"; };
		3FAC62531762EA5500E20373 /* roundabout@2x.png */ = {isa = PBXFileReference; lastKnownFileType = image.png; name = "roundabout@2x.png"; path = "Queue/roundabout@2x.png"; sourceTree = "<group>"; };
		3FAC62551762F78700E20373 /* reminder-icon@2x.png */ = {isa = PBXFileReference; lastKnownFileType = image.png; name = "reminder-icon@2x.png"; path = "Queue/reminder-icon@2x.png"; sourceTree = "<group>"; };
		3FAC62571762F8AD00E20373 /* reminder-icon-disabled@2x.png */ = {isa = PBXFileReference; lastKnownFileType = image.png; name = "reminder-icon-disabled@2x.png"; path = "Queue/reminder-icon-disabled@2x.png"; sourceTree = "<group>"; };
		3FAC625A1762FC7D00E20373 /* IntervalPicker.plist */ = {isa = PBXFileReference; fileEncoding = 4; lastKnownFileType = text.plist.xml; path = IntervalPicker.plist; sourceTree = "<group>"; };
		3FAC625C1762FD0600E20373 /* NSArray-SortUsingArray.h */ = {isa = PBXFileReference; fileEncoding = 4; lastKnownFileType = sourcecode.c.h; path = "NSArray-SortUsingArray.h"; sourceTree = "<group>"; };
		3FAC625D1762FD0600E20373 /* NSArray-SortUsingArray.m */ = {isa = PBXFileReference; fileEncoding = 4; lastKnownFileType = sourcecode.c.objc; path = "NSArray-SortUsingArray.m"; sourceTree = "<group>"; };
		3FE80CE5174DBFEC0009D61D /* nav-bar@2x.png */ = {isa = PBXFileReference; lastKnownFileType = image.png; name = "nav-bar@2x.png"; path = "Queue/nav-bar@2x.png"; sourceTree = "<group>"; };
		3FE80CE7174DC82D0009D61D /* back@2x.png */ = {isa = PBXFileReference; lastKnownFileType = image.png; name = "back@2x.png"; path = "Queue/back@2x.png"; sourceTree = "<group>"; };
		3FE80CEB174DCBE90009D61D /* add@2x.png */ = {isa = PBXFileReference; lastKnownFileType = image.png; name = "add@2x.png"; path = "Queue/add@2x.png"; sourceTree = "<group>"; };
		3FE80CEF174DCED50009D61D /* done@2x.png */ = {isa = PBXFileReference; lastKnownFileType = image.png; name = "done@2x.png"; path = "Queue/done@2x.png"; sourceTree = "<group>"; };
		3FE80CF1174DD05E0009D61D /* cancel@2x.png */ = {isa = PBXFileReference; lastKnownFileType = image.png; name = "cancel@2x.png"; path = "Queue/cancel@2x.png"; sourceTree = "<group>"; };
		3FE80CFE174DE8A30009D61D /* QueueBarButtonItem.h */ = {isa = PBXFileReference; fileEncoding = 4; lastKnownFileType = sourcecode.c.h; path = QueueBarButtonItem.h; sourceTree = "<group>"; };
		3FE80CFF174DE8A30009D61D /* QueueBarButtonItem.m */ = {isa = PBXFileReference; fileEncoding = 4; lastKnownFileType = sourcecode.c.objc; path = QueueBarButtonItem.m; sourceTree = "<group>"; };
		3FE80D01174DF34E0009D61D /* queue_background@2x.png */ = {isa = PBXFileReference; lastKnownFileType = image.png; name = "queue_background@2x.png"; path = "Queue/queue_background@2x.png"; sourceTree = "<group>"; };
		3FE80D03174DF4F60009D61D /* queue-row-background@2x.png */ = {isa = PBXFileReference; lastKnownFileType = image.png; name = "queue-row-background@2x.png"; path = "Queue/queue-row-background@2x.png"; sourceTree = "<group>"; };
		3FE80D05174F0D380009D61D /* QueueContactCell.h */ = {isa = PBXFileReference; fileEncoding = 4; lastKnownFileType = sourcecode.c.h; path = QueueContactCell.h; sourceTree = "<group>"; };
		3FE80D06174F0D380009D61D /* QueueContactCell.m */ = {isa = PBXFileReference; fileEncoding = 4; lastKnownFileType = sourcecode.c.objc; path = QueueContactCell.m; sourceTree = "<group>"; };
		3FE80D08174F12390009D61D /* contact-avatar-placeholder@2x.png */ = {isa = PBXFileReference; lastKnownFileType = image.png; name = "contact-avatar-placeholder@2x.png"; path = "Queue/contact-avatar-placeholder@2x.png"; sourceTree = "<group>"; };
		3FF2C01F1749D74E007203D8 /* AddMeetingViewController.h */ = {isa = PBXFileReference; fileEncoding = 4; lastKnownFileType = sourcecode.c.h; path = AddMeetingViewController.h; sourceTree = "<group>"; };
		3FF2C0201749D74E007203D8 /* AddMeetingViewController.m */ = {isa = PBXFileReference; fileEncoding = 4; lastKnownFileType = sourcecode.c.objc; path = AddMeetingViewController.m; sourceTree = "<group>"; };
		3FF2C025174B52DC007203D8 /* TimelineViewController.h */ = {isa = PBXFileReference; fileEncoding = 4; lastKnownFileType = sourcecode.c.h; path = TimelineViewController.h; sourceTree = "<group>"; };
		3FF2C026174B52DC007203D8 /* TimelineViewController.m */ = {isa = PBXFileReference; fileEncoding = 4; lastKnownFileType = sourcecode.c.objc; path = TimelineViewController.m; sourceTree = "<group>"; };
		695BF154177C543E00A3F865 /* check-finished@2x.png */ = {isa = PBXFileReference; lastKnownFileType = image.png; name = "check-finished@2x.png"; path = "Queue/check-finished@2x.png"; sourceTree = "<group>"; };
		695BF1561780E7CB00A3F865 /* QueueContactImageView.h */ = {isa = PBXFileReference; fileEncoding = 4; lastKnownFileType = sourcecode.c.h; path = QueueContactImageView.h; sourceTree = "<group>"; };
		695BF1571780E7CC00A3F865 /* QueueContactImageView.m */ = {isa = PBXFileReference; fileEncoding = 4; lastKnownFileType = sourcecode.c.objc; path = QueueContactImageView.m; sourceTree = "<group>"; };
		695BF1591780FEC300A3F865 /* snooze-well@2x.png */ = {isa = PBXFileReference; lastKnownFileType = image.png; name = "snooze-well@2x.png"; path = "Queue/snooze-well@2x.png"; sourceTree = "<group>"; };
		695BF15B1781222C00A3F865 /* snooze-drop@2x.png */ = {isa = PBXFileReference; lastKnownFileType = image.png; name = "snooze-drop@2x.png"; path = "Queue/snooze-drop@2x.png"; sourceTree = "<group>"; };
		695BF15F17878BA000A3F865 /* ContactChooserViewController.h */ = {isa = PBXFileReference; fileEncoding = 4; lastKnownFileType = sourcecode.c.h; path = ContactChooserViewController.h; sourceTree = "<group>"; };
		695BF16017878BA000A3F865 /* ContactChooserViewController.m */ = {isa = PBXFileReference; fileEncoding = 4; lastKnownFileType = sourcecode.c.objc; path = ContactChooserViewController.m; sourceTree = "<group>"; };
/* End PBXFileReference section */

/* Begin PBXFrameworksBuildPhase section */
		3FA1018517447769007D2520 /* Frameworks */ = {
			isa = PBXFrameworksBuildPhase;
			buildActionMask = 2147483647;
			files = (
				3F934458175AF245000FD331 /* AVFoundation.framework in Frameworks */,
				3F934459175AF245000FD331 /* CoreText.framework in Frameworks */,
				3F93445A175AF245000FD331 /* GLKit.framework in Frameworks */,
				3F93445B175AF245000FD331 /* ImageIO.framework in Frameworks */,
				3F93445C175AF245000FD331 /* libc++.dylib in Frameworks */,
				3F93445D175AF245000FD331 /* libicucore.dylib in Frameworks */,
				3F93445E175AF245000FD331 /* libz.dylib in Frameworks */,
				3F93445F175AF245000FD331 /* OpenGLES.framework in Frameworks */,
				3F934460175AF245000FD331 /* QuartzCore.framework in Frameworks */,
				3F934461175AF245000FD331 /* SystemConfiguration.framework in Frameworks */,
				3FABEE2C174812A700BBB760 /* CoreData.framework in Frameworks */,
				3F934437175AD49C000FD331 /* CoreLocation.framework in Frameworks */,
				3FABEE291746012600BBB760 /* AddressBook.framework in Frameworks */,
				3FABEE2A1746012600BBB760 /* AddressBookUI.framework in Frameworks */,
				3FA1018C17447769007D2520 /* UIKit.framework in Frameworks */,
				3FA1018E17447769007D2520 /* Foundation.framework in Frameworks */,
				3FA1019017447769007D2520 /* CoreGraphics.framework in Frameworks */,
				3F93444B175AF179000FD331 /* GoogleMaps.framework in Frameworks */,
			);
			runOnlyForDeploymentPostprocessing = 0;
		};
		3FA101A417447769007D2520 /* Frameworks */ = {
			isa = PBXFrameworksBuildPhase;
			buildActionMask = 2147483647;
			files = (
				3FA101AA17447769007D2520 /* SenTestingKit.framework in Frameworks */,
				3FA101AB17447769007D2520 /* UIKit.framework in Frameworks */,
				3FA101AC17447769007D2520 /* Foundation.framework in Frameworks */,
			);
			runOnlyForDeploymentPostprocessing = 0;
		};
/* End PBXFrameworksBuildPhase section */

/* Begin PBXGroup section */
		3FA1017F17447769007D2520 = {
			isa = PBXGroup;
			children = (
				3F9B1A1A176E999900C566B9 /* icon.png */,
				3F9B1A18176E995D00C566B9 /* icon@2x.png */,
				3F93444E175AF244000FD331 /* AVFoundation.framework */,
				3F93444F175AF244000FD331 /* CoreText.framework */,
				3F934450175AF244000FD331 /* GLKit.framework */,
				3F934451175AF245000FD331 /* ImageIO.framework */,
				3F934452175AF245000FD331 /* libc++.dylib */,
				3F934453175AF245000FD331 /* libicucore.dylib */,
				3F934454175AF245000FD331 /* libz.dylib */,
				3F934455175AF245000FD331 /* OpenGLES.framework */,
				3F934456175AF245000FD331 /* QuartzCore.framework */,
				3F934457175AF245000FD331 /* SystemConfiguration.framework */,
				3F934436175AD49C000FD331 /* CoreLocation.framework */,
				3FABEE2B174812A700BBB760 /* CoreData.framework */,
				3FABEE271746012600BBB760 /* AddressBook.framework */,
				3FABEE281746012600BBB760 /* AddressBookUI.framework */,
				3FA1019117447769007D2520 /* Queue */,
				3FAC62591762FC4900E20373 /* plists */,
				3FE80CE4174DBFA50009D61D /* Images */,
				3FA101AF17447769007D2520 /* QueueTests */,
				3FA1018A17447769007D2520 /* Frameworks */,
				3FA1018917447769007D2520 /* Products */,
			);
			sourceTree = "<group>";
		};
		3FA1018917447769007D2520 /* Products */ = {
			isa = PBXGroup;
			children = (
				3FA1018817447769007D2520 /* Queue.app */,
				3FA101A817447769007D2520 /* QueueTests.octest */,
			);
			name = Products;
			sourceTree = "<group>";
		};
		3FA1018A17447769007D2520 /* Frameworks */ = {
			isa = PBXGroup;
			children = (
				3F992CE8178A6F1900E67ABD /* GoogleMaps.bundle */,
				3F93444A175AF179000FD331 /* GoogleMaps.framework */,
				3FA1018B17447769007D2520 /* UIKit.framework */,
				3FA1018D17447769007D2520 /* Foundation.framework */,
				3FA1018F17447769007D2520 /* CoreGraphics.framework */,
				3FA101A917447769007D2520 /* SenTestingKit.framework */,
			);
			name = Frameworks;
			sourceTree = "<group>";
		};
		3FA1019117447769007D2520 /* Queue */ = {
			isa = PBXGroup;
			children = (
				3F94A959178621A10054A733 /* UIImage+Alpha.h */,
				3F94A95A178621A10054A733 /* UIImage+Alpha.m */,
				3F94A95B178621A10054A733 /* UIImage+Resize.h */,
				3F94A95C178621A10054A733 /* UIImage+Resize.m */,
				3F94A95D178621A10054A733 /* UIImage+RoundedCorner.h */,
				3F94A95E178621A20054A733 /* UIImage+RoundedCorner.m */,
				3F93443C175ADDF2000FD331 /* SBJSON.h */,
				3F93443D175ADDF2000FD331 /* SBJSON.m */,
				3F93443E175ADDF2000FD331 /* SBJsonBase.h */,
				3F93443F175ADDF2000FD331 /* SBJsonBase.m */,
				3F934440175ADDF2000FD331 /* SBJsonParser.h */,
				3F934441175ADDF2000FD331 /* SBJsonParser.m */,
				3F934442175ADDF2000FD331 /* SBJsonWriter.h */,
				3F934443175ADDF2000FD331 /* SBJsonWriter.m */,
				3FA1019A17447769007D2520 /* LLAppDelegate.h */,
				3FA1019B17447769007D2520 /* LLAppDelegate.m */,
				3FA101C6174484AB007D2520 /* LLPullNavigationController.h */,
				3FA101C7174484AB007D2520 /* LLPullNavigationController.m */,
				3F3264A217642362000BCF83 /* LLPullNavigationScrollView.h */,
				3F3264A317642362000BCF83 /* LLPullNavigationScrollView.m */,
				3F3264A517647A09000BCF83 /* LLPullNavigationTableView.h */,
				3F3264A617647A09000BCF83 /* LLPullNavigationTableView.m */,
				3FABEE7D17483ED700BBB760 /* QueuesViewController.h */,
				3FABEE7E17483ED800BBB760 /* QueuesViewController.m */,
				3F3264D4176AD842000BCF83 /* QueueCell.h */,
				3F3264D5176AD842000BCF83 /* QueueCell.m */,
				3FABEE211745F9A200BBB760 /* QueueViewController.h */,
				3FABEE221745F9A200BBB760 /* QueueViewController.m */,
				695BF15F17878BA000A3F865 /* ContactChooserViewController.h */,
				695BF16017878BA000A3F865 /* ContactChooserViewController.m */,
				3FE80D05174F0D380009D61D /* QueueContactCell.h */,
				3FE80D06174F0D380009D61D /* QueueContactCell.m */,
				695BF1561780E7CB00A3F865 /* QueueContactImageView.h */,
				695BF1571780E7CC00A3F865 /* QueueContactImageView.m */,
				3F94A965178659340054A733 /* ContactImageView.h */,
				3F94A966178659350054A733 /* ContactImageView.m */,
				3FF2C025174B52DC007203D8 /* TimelineViewController.h */,
				3FF2C026174B52DC007203D8 /* TimelineViewController.m */,
				3F98A2ED17529A32006A3668 /* MeetingCell.h */,
				3F98A2EE17529A32006A3668 /* MeetingCell.m */,
				3FF2C01F1749D74E007203D8 /* AddMeetingViewController.h */,
				3FF2C0201749D74E007203D8 /* AddMeetingViewController.m */,
				3F97763F175723C200E6B5B7 /* LocationChooserViewController.h */,
				3F977640175723C200E6B5B7 /* LocationChooserViewController.m */,
				3F9EF891176057420089EC2A /* AddContactViewController.h */,
				3F9EF892176057430089EC2A /* AddContactViewController.m */,
				3FABEE7A174823BA00BBB760 /* Queue.h */,
				3FABEE7B174823BA00BBB760 /* Queue.m */,
				3FABEE77174822C800BBB760 /* Contact.h */,
				3FABEE78174822C800BBB760 /* Contact.m */,
				3F9EF88A175C387B0089EC2A /* Meeting.h */,
				3F9EF88B175C387C0089EC2A /* Meeting.m */,
				3F9EF885175C10BD0089EC2A /* Location.h */,
				3F9EF886175C10BD0089EC2A /* Location.m */,
				3FABEE741748130F00BBB760 /* Queue.xcdatamodeld */,
				3FAC625C1762FD0600E20373 /* NSArray-SortUsingArray.h */,
				3FAC625D1762FD0600E20373 /* NSArray-SortUsingArray.m */,
				3FA1019217447769007D2520 /* Supporting Files */,
				3FE80CFE174DE8A30009D61D /* QueueBarButtonItem.h */,
				3FE80CFF174DE8A30009D61D /* QueueBarButtonItem.m */,
				3F934438175AD9DE000FD331 /* LLDataDownloader.h */,
				3F934439175AD9DE000FD331 /* LLDataDownloader.m */,
			);
			path = Queue;
			sourceTree = "<group>";
		};
		3FA1019217447769007D2520 /* Supporting Files */ = {
			isa = PBXGroup;
			children = (
				3FA1019317447769007D2520 /* Queue-Info.plist */,
				3FA1019417447769007D2520 /* InfoPlist.strings */,
				3FA1019717447769007D2520 /* main.m */,
				3FA1019917447769007D2520 /* Queue-Prefix.pch */,
				3FA1019D17447769007D2520 /* Default.png */,
				3FA1019F17447769007D2520 /* Default@2x.png */,
				3FA101A117447769007D2520 /* Default-568h@2x.png */,
			);
			name = "Supporting Files";
			sourceTree = "<group>";
		};
		3FA101AF17447769007D2520 /* QueueTests */ = {
			isa = PBXGroup;
			children = (
				3FA101B517447769007D2520 /* QueueTests.h */,
				3FA101B617447769007D2520 /* QueueTests.m */,
				3FA101B017447769007D2520 /* Supporting Files */,
			);
			path = QueueTests;
			sourceTree = "<group>";
		};
		3FA101B017447769007D2520 /* Supporting Files */ = {
			isa = PBXGroup;
			children = (
				3FA101B117447769007D2520 /* QueueTests-Info.plist */,
				3FA101B217447769007D2520 /* InfoPlist.strings */,
			);
			name = "Supporting Files";
			sourceTree = "<group>";
		};
		3FAC62591762FC4900E20373 /* plists */ = {
			isa = PBXGroup;
			children = (
				3FAC625A1762FC7D00E20373 /* IntervalPicker.plist */,
			);
			name = plists;
			sourceTree = "<group>";
		};
		3FE80CE4174DBFA50009D61D /* Images */ = {
			isa = PBXGroup;
			children = (
				3F94A9691786625E0054A733 /* avatar-gloss-small@2x.png */,
				3F94A9561786123D0054A733 /* contact-avatar-placeholder-clean@2x.png */,
				3F94A95317860DCB0054A733 /* avatar-gloss@2x.png */,
				695BF15B1781222C00A3F865 /* snooze-drop@2x.png */,
				695BF1591780FEC300A3F865 /* snooze-well@2x.png */,
				695BF154177C543E00A3F865 /* check-finished@2x.png */,
				3F2CA0F817796A11009EAED7 /* pull-to-switch-arrow@2x.png */,
				3F2CA0F417766022009EAED7 /* reorder-control@2x.png */,
				3F3264D9176AE918000BCF83 /* queue-cell-background-selectable@2x.png */,
				3F32649E1763AC40000BCF83 /* reminder-week-disabled@2x.png */,
				3F32649F1763AC40000BCF83 /* reminder-week-enabled@2x.png */,
				3F32649A1763AAD6000BCF83 /* reminder-day-before-disabled@2x.png */,
				3F32649B1763AAD6000BCF83 /* reminder-day-before-enabled@2x.png */,
				3F3264981763A37F000BCF83 /* reminder-day-of-enabled@2x.png */,
				3F3264961763A328000BCF83 /* reminder-day-of-disabled@2x.png */,
				3F5FA4B2175458FD002A0F5B /* settings-button@2x.png */,
				3FAC62571762F8AD00E20373 /* reminder-icon-disabled@2x.png */,
				3FAC62551762F78700E20373 /* reminder-icon@2x.png */,
				3FAC62531762EA5500E20373 /* roundabout@2x.png */,
				3F9EF88F175DC3040089EC2A /* white-bubble@2x.png */,
				3F9EF88D175C40460089EC2A /* cancel-button-dark@2x.png */,
				3F9EF888175C344A0089EC2A /* clear-button@2x.png */,
				3F9EF881175C0AB10089EC2A /* location-disabled@2x.png */,
				3F9EF882175C0AB10089EC2A /* location-search@2x.png */,
				3F934448175AE968000FD331 /* location-enabled@2x.png */,
				3F97764617572C4900E6B5B7 /* light-background@2x.png */,
				3F977642175726B000E6B5B7 /* calendar_full@2x.png */,
				3F977643175726B000E6B5B7 /* notepad@2x.png */,
				3F5FA4AF175458FD002A0F5B /* add-meeting-button@2x.png */,
				3F5FA4B0175458FD002A0F5B /* delete-button@2x.png */,
				3F5FA4B1175458FD002A0F5B /* email-button@2x.png */,
				3F5FA4B3175458FE002A0F5B /* snooze-button@2x.png */,
				3F5FA4AD17544C6F002A0F5B /* contract-button@2x.png */,
				3F5FA4AB17544283002A0F5B /* expanded-button@2x.png */,
				3F98A2F01752ED39006A3668 /* expand-button.png */,
				3F98A2EB17529196006A3668 /* timeline-inner-shadow.png */,
				3FE80D08174F12390009D61D /* contact-avatar-placeholder@2x.png */,
				3FE80D03174DF4F60009D61D /* queue-row-background@2x.png */,
				3FE80D01174DF34E0009D61D /* queue_background@2x.png */,
				3FE80CF1174DD05E0009D61D /* cancel@2x.png */,
				3FE80CEF174DCED50009D61D /* done@2x.png */,
				3FE80CEB174DCBE90009D61D /* add@2x.png */,
				3FE80CE7174DC82D0009D61D /* back@2x.png */,
				3FE80CE5174DBFEC0009D61D /* nav-bar@2x.png */,
			);
			name = Images;
			sourceTree = "<group>";
		};
/* End PBXGroup section */

/* Begin PBXNativeTarget section */
		3FA1018717447769007D2520 /* Queue */ = {
			isa = PBXNativeTarget;
			buildConfigurationList = 3FA101BA17447769007D2520 /* Build configuration list for PBXNativeTarget "Queue" */;
			buildPhases = (
				3FA1018417447769007D2520 /* Sources */,
				3FA1018517447769007D2520 /* Frameworks */,
				3FA1018617447769007D2520 /* Resources */,
			);
			buildRules = (
			);
			dependencies = (
			);
			name = Queue;
			productName = Queue;
			productReference = 3FA1018817447769007D2520 /* Queue.app */;
			productType = "com.apple.product-type.application";
		};
		3FA101A717447769007D2520 /* QueueTests */ = {
			isa = PBXNativeTarget;
			buildConfigurationList = 3FA101BD17447769007D2520 /* Build configuration list for PBXNativeTarget "QueueTests" */;
			buildPhases = (
				3FA101A317447769007D2520 /* Sources */,
				3FA101A417447769007D2520 /* Frameworks */,
				3FA101A517447769007D2520 /* Resources */,
				3FA101A617447769007D2520 /* ShellScript */,
			);
			buildRules = (
			);
			dependencies = (
				3FA101AE17447769007D2520 /* PBXTargetDependency */,
			);
			name = QueueTests;
			productName = QueueTests;
			productReference = 3FA101A817447769007D2520 /* QueueTests.octest */;
			productType = "com.apple.product-type.bundle";
		};
/* End PBXNativeTarget section */

/* Begin PBXProject section */
		3FA1018017447769007D2520 /* Project object */ = {
			isa = PBXProject;
			attributes = {
				CLASSPREFIX = LL;
				LastUpgradeCheck = 0460;
				ORGANIZATIONNAME = "Lubin Labs";
			};
			buildConfigurationList = 3FA1018317447769007D2520 /* Build configuration list for PBXProject "Queue" */;
			compatibilityVersion = "Xcode 3.2";
			developmentRegion = English;
			hasScannedForEncodings = 0;
			knownRegions = (
				en,
			);
			mainGroup = 3FA1017F17447769007D2520;
			productRefGroup = 3FA1018917447769007D2520 /* Products */;
			projectDirPath = "";
			projectRoot = "";
			targets = (
				3FA1018717447769007D2520 /* Queue */,
				3FA101A717447769007D2520 /* QueueTests */,
			);
		};
/* End PBXProject section */

/* Begin PBXResourcesBuildPhase section */
		3FA1018617447769007D2520 /* Resources */ = {
			isa = PBXResourcesBuildPhase;
			buildActionMask = 2147483647;
			files = (
				3FA1019617447769007D2520 /* InfoPlist.strings in Resources */,
				3FA1019E17447769007D2520 /* Default.png in Resources */,
				3FA101A017447769007D2520 /* Default@2x.png in Resources */,
				3FA101A217447769007D2520 /* Default-568h@2x.png in Resources */,
				3FE80CE6174DBFEC0009D61D /* nav-bar@2x.png in Resources */,
				3FE80CE8174DC82D0009D61D /* back@2x.png in Resources */,
				3FE80CEC174DCBE90009D61D /* add@2x.png in Resources */,
				3FE80CF0174DCED50009D61D /* done@2x.png in Resources */,
				3FE80CF2174DD05E0009D61D /* cancel@2x.png in Resources */,
				3FE80D02174DF34E0009D61D /* queue_background@2x.png in Resources */,
				3FE80D04174DF4F60009D61D /* queue-row-background@2x.png in Resources */,
				3FE80D09174F12390009D61D /* contact-avatar-placeholder@2x.png in Resources */,
				3F98A2EC17529196006A3668 /* timeline-inner-shadow.png in Resources */,
				3F98A2F11752ED3A006A3668 /* expand-button.png in Resources */,
				3F5FA4AC17544283002A0F5B /* expanded-button@2x.png in Resources */,
				3F5FA4AE17544C6F002A0F5B /* contract-button@2x.png in Resources */,
				3F5FA4B4175458FE002A0F5B /* add-meeting-button@2x.png in Resources */,
				3F5FA4B5175458FE002A0F5B /* delete-button@2x.png in Resources */,
				3F5FA4B6175458FE002A0F5B /* email-button@2x.png in Resources */,
				3F5FA4B7175458FE002A0F5B /* settings-button@2x.png in Resources */,
				3F5FA4B8175458FE002A0F5B /* snooze-button@2x.png in Resources */,
				3F977644175726B000E6B5B7 /* calendar_full@2x.png in Resources */,
				3F977645175726B000E6B5B7 /* notepad@2x.png in Resources */,
				3F97764717572C4900E6B5B7 /* light-background@2x.png in Resources */,
				3F934449175AE968000FD331 /* location-enabled@2x.png in Resources */,
				3F9EF883175C0AB10089EC2A /* location-disabled@2x.png in Resources */,
				3F9EF884175C0AB10089EC2A /* location-search@2x.png in Resources */,
				3F9EF889175C344A0089EC2A /* clear-button@2x.png in Resources */,
				3F9EF88E175C40460089EC2A /* cancel-button-dark@2x.png in Resources */,
				3F9EF890175DC3040089EC2A /* white-bubble@2x.png in Resources */,
				3FAC62541762EA5500E20373 /* roundabout@2x.png in Resources */,
				3FAC62561762F78700E20373 /* reminder-icon@2x.png in Resources */,
				3FAC62581762F8AD00E20373 /* reminder-icon-disabled@2x.png in Resources */,
				3FAC625B1762FC7D00E20373 /* IntervalPicker.plist in Resources */,
				3F3264971763A328000BCF83 /* reminder-day-of-disabled@2x.png in Resources */,
				3F3264991763A37F000BCF83 /* reminder-day-of-enabled@2x.png in Resources */,
				3F32649C1763AAD6000BCF83 /* reminder-day-before-disabled@2x.png in Resources */,
				3F32649D1763AAD6000BCF83 /* reminder-day-before-enabled@2x.png in Resources */,
				3F3264A01763AC40000BCF83 /* reminder-week-disabled@2x.png in Resources */,
				3F3264A11763AC40000BCF83 /* reminder-week-enabled@2x.png in Resources */,
				3F3264DA176AE918000BCF83 /* queue-cell-background-selectable@2x.png in Resources */,
				3F9B1A19176E995D00C566B9 /* icon@2x.png in Resources */,
				3F9B1A1B176E999900C566B9 /* icon.png in Resources */,
				3F2CA0F517766022009EAED7 /* reorder-control@2x.png in Resources */,
				3F2CA0F917796A11009EAED7 /* pull-to-switch-arrow@2x.png in Resources */,
				695BF155177C543E00A3F865 /* check-finished@2x.png in Resources */,
				695BF15A1780FEC300A3F865 /* snooze-well@2x.png in Resources */,
				695BF15C1781222C00A3F865 /* snooze-drop@2x.png in Resources */,
				3F94A95417860DCB0054A733 /* avatar-gloss@2x.png in Resources */,
				3F94A9571786123D0054A733 /* contact-avatar-placeholder-clean@2x.png in Resources */,
				3F94A96A1786625F0054A733 /* avatar-gloss-small@2x.png in Resources */,
				3F992CE9178A6F1900E67ABD /* GoogleMaps.bundle in Resources */,
			);
			runOnlyForDeploymentPostprocessing = 0;
		};
		3FA101A517447769007D2520 /* Resources */ = {
			isa = PBXResourcesBuildPhase;
			buildActionMask = 2147483647;
			files = (
				3FA101B417447769007D2520 /* InfoPlist.strings in Resources */,
				3F94A95517860DCB0054A733 /* avatar-gloss@2x.png in Resources */,
				3F94A9581786123D0054A733 /* contact-avatar-placeholder-clean@2x.png in Resources */,
				3F94A96B1786625F0054A733 /* avatar-gloss-small@2x.png in Resources */,
			);
			runOnlyForDeploymentPostprocessing = 0;
		};
/* End PBXResourcesBuildPhase section */

/* Begin PBXShellScriptBuildPhase section */
		3FA101A617447769007D2520 /* ShellScript */ = {
			isa = PBXShellScriptBuildPhase;
			buildActionMask = 2147483647;
			files = (
			);
			inputPaths = (
			);
			outputPaths = (
			);
			runOnlyForDeploymentPostprocessing = 0;
			shellPath = /bin/sh;
			shellScript = "# Run the unit tests in this test bundle.\n\"${SYSTEM_DEVELOPER_DIR}/Tools/RunUnitTests\"\n";
		};
/* End PBXShellScriptBuildPhase section */

/* Begin PBXSourcesBuildPhase section */
		3FA1018417447769007D2520 /* Sources */ = {
			isa = PBXSourcesBuildPhase;
			buildActionMask = 2147483647;
			files = (
				3FAC625F1763017F00E20373 /* NSArray-SortUsingArray.m in Sources */,
				3F93443B175ADBC5000FD331 /* LLDataDownloader.m in Sources */,
				3FA1019817447769007D2520 /* main.m in Sources */,
				3FA1019C17447769007D2520 /* LLAppDelegate.m in Sources */,
				3FA101C8174484AB007D2520 /* LLPullNavigationController.m in Sources */,
				3FABEE231745F9A200BBB760 /* QueueViewController.m in Sources */,
				3FABEE761748130F00BBB760 /* Queue.xcdatamodeld in Sources */,
				3FABEE79174822C800BBB760 /* Contact.m in Sources */,
				3FABEE7C174823BA00BBB760 /* Queue.m in Sources */,
				3FABEE7F17483ED800BBB760 /* QueuesViewController.m in Sources */,
				3FF2C0211749D74E007203D8 /* AddMeetingViewController.m in Sources */,
				3FF2C027174B52DC007203D8 /* TimelineViewController.m in Sources */,
				3FE80D00174DE8A30009D61D /* QueueBarButtonItem.m in Sources */,
				3FE80D07174F0D380009D61D /* QueueContactCell.m in Sources */,
				3F98A2EF17529A32006A3668 /* MeetingCell.m in Sources */,
				3F977641175723C200E6B5B7 /* LocationChooserViewController.m in Sources */,
				3F934444175ADDF2000FD331 /* SBJSON.m in Sources */,
				3F934445175ADDF2000FD331 /* SBJsonBase.m in Sources */,
				3F934446175ADDF2000FD331 /* SBJsonParser.m in Sources */,
				3F934447175ADDF2000FD331 /* SBJsonWriter.m in Sources */,
				3F9EF887175C10BD0089EC2A /* Location.m in Sources */,
				3F9EF88C175C387C0089EC2A /* Meeting.m in Sources */,
				3F9EF893176057440089EC2A /* AddContactViewController.m in Sources */,
				3F3264A417642362000BCF83 /* LLPullNavigationScrollView.m in Sources */,
				3F3264A717647A09000BCF83 /* LLPullNavigationTableView.m in Sources */,
				3F3264D6176AD842000BCF83 /* QueueCell.m in Sources */,
				695BF1581780E7CC00A3F865 /* QueueContactImageView.m in Sources */,
				3F94A95F178621A20054A733 /* UIImage+Alpha.m in Sources */,
				3F94A961178621A20054A733 /* UIImage+Resize.m in Sources */,
				3F94A963178621A20054A733 /* UIImage+RoundedCorner.m in Sources */,
				3F94A967178659350054A733 /* ContactImageView.m in Sources */,
				695BF16117878BA000A3F865 /* ContactChooserViewController.m in Sources */,
			);
			runOnlyForDeploymentPostprocessing = 0;
		};
		3FA101A317447769007D2520 /* Sources */ = {
			isa = PBXSourcesBuildPhase;
			buildActionMask = 2147483647;
			files = (
				3FA101B717447769007D2520 /* QueueTests.m in Sources */,
				3F93443A175AD9DE000FD331 /* LLDataDownloader.m in Sources */,
				3FAC625E1762FD0600E20373 /* NSArray-SortUsingArray.m in Sources */,
				3F94A960178621A20054A733 /* UIImage+Alpha.m in Sources */,
				3F94A962178621A20054A733 /* UIImage+Resize.m in Sources */,
				3F94A964178621A20054A733 /* UIImage+RoundedCorner.m in Sources */,
				3F94A968178659350054A733 /* ContactImageView.m in Sources */,
			);
			runOnlyForDeploymentPostprocessing = 0;
		};
/* End PBXSourcesBuildPhase section */

/* Begin PBXTargetDependency section */
		3FA101AE17447769007D2520 /* PBXTargetDependency */ = {
			isa = PBXTargetDependency;
			target = 3FA1018717447769007D2520 /* Queue */;
			targetProxy = 3FA101AD17447769007D2520 /* PBXContainerItemProxy */;
		};
/* End PBXTargetDependency section */

/* Begin PBXVariantGroup section */
		3FA1019417447769007D2520 /* InfoPlist.strings */ = {
			isa = PBXVariantGroup;
			children = (
				3FA1019517447769007D2520 /* en */,
			);
			name = InfoPlist.strings;
			sourceTree = "<group>";
		};
		3FA101B217447769007D2520 /* InfoPlist.strings */ = {
			isa = PBXVariantGroup;
			children = (
				3FA101B317447769007D2520 /* en */,
			);
			name = InfoPlist.strings;
			sourceTree = "<group>";
		};
/* End PBXVariantGroup section */

/* Begin XCBuildConfiguration section */
		3FA101B817447769007D2520 /* Debug */ = {
			isa = XCBuildConfiguration;
			buildSettings = {
				ALWAYS_SEARCH_USER_PATHS = NO;
				ARCHS = armv7;
				CLANG_CXX_LANGUAGE_STANDARD = "gnu++0x";
				CLANG_CXX_LIBRARY = "libc++";
				CLANG_ENABLE_OBJC_ARC = YES;
				CLANG_WARN_CONSTANT_CONVERSION = YES;
				CLANG_WARN_EMPTY_BODY = YES;
				CLANG_WARN_ENUM_CONVERSION = YES;
				CLANG_WARN_INT_CONVERSION = YES;
				CLANG_WARN__DUPLICATE_METHOD_MATCH = YES;
				"CODE_SIGN_IDENTITY[sdk=iphoneos*]" = "iPhone Developer";
				COPY_PHASE_STRIP = NO;
				GCC_C_LANGUAGE_STANDARD = gnu99;
				GCC_DYNAMIC_NO_PIC = NO;
				GCC_OPTIMIZATION_LEVEL = 0;
				GCC_PREPROCESSOR_DEFINITIONS = (
					"DEBUG=1",
					"$(inherited)",
				);
				GCC_SYMBOLS_PRIVATE_EXTERN = NO;
				GCC_WARN_ABOUT_RETURN_TYPE = YES;
				GCC_WARN_UNINITIALIZED_AUTOS = YES;
				GCC_WARN_UNUSED_VARIABLE = YES;
				IPHONEOS_DEPLOYMENT_TARGET = 6.1;
				ONLY_ACTIVE_ARCH = YES;
				OTHER_LDFLAGS = "-ObjC";
				SDKROOT = iphoneos;
			};
			name = Debug;
		};
		3FA101B917447769007D2520 /* Release */ = {
			isa = XCBuildConfiguration;
			buildSettings = {
				ALWAYS_SEARCH_USER_PATHS = NO;
				ARCHS = armv7;
				CLANG_CXX_LANGUAGE_STANDARD = "gnu++0x";
				CLANG_CXX_LIBRARY = "libc++";
				CLANG_ENABLE_OBJC_ARC = YES;
				CLANG_WARN_CONSTANT_CONVERSION = YES;
				CLANG_WARN_EMPTY_BODY = YES;
				CLANG_WARN_ENUM_CONVERSION = YES;
				CLANG_WARN_INT_CONVERSION = YES;
				CLANG_WARN__DUPLICATE_METHOD_MATCH = YES;
				"CODE_SIGN_IDENTITY[sdk=iphoneos*]" = "iPhone Developer";
				COPY_PHASE_STRIP = YES;
				GCC_C_LANGUAGE_STANDARD = gnu99;
				GCC_WARN_ABOUT_RETURN_TYPE = YES;
				GCC_WARN_UNINITIALIZED_AUTOS = YES;
				GCC_WARN_UNUSED_VARIABLE = YES;
				IPHONEOS_DEPLOYMENT_TARGET = 6.1;
				OTHER_CFLAGS = "-DNS_BLOCK_ASSERTIONS=1";
				OTHER_LDFLAGS = "-ObjC";
				SDKROOT = iphoneos;
				VALIDATE_PRODUCT = YES;
			};
			name = Release;
		};
		3FA101BB17447769007D2520 /* Debug */ = {
			isa = XCBuildConfiguration;
			buildSettings = {
				FRAMEWORK_SEARCH_PATHS = (
					"$(inherited)",
					"\"$(SRCROOT)\"",
				);
				GCC_PRECOMPILE_PREFIX_HEADER = YES;
				GCC_PREFIX_HEADER = "Queue/Queue-Prefix.pch";
				INFOPLIST_FILE = "Queue/Queue-Info.plist";
				PRODUCT_NAME = "$(TARGET_NAME)";
				WRAPPER_EXTENSION = app;
			};
			name = Debug;
		};
		3FA101BC17447769007D2520 /* Release */ = {
			isa = XCBuildConfiguration;
			buildSettings = {
				CODE_SIGN_IDENTITY = "iPhone Distribution: Lubin Labs (ZU8AGQYY9F)";
				"CODE_SIGN_IDENTITY[sdk=iphoneos*]" = "iPhone Distribution: Lubin Labs (ZU8AGQYY9F)";
				FRAMEWORK_SEARCH_PATHS = (
					"$(inherited)",
					"\"$(SRCROOT)\"",
				);
				GCC_PRECOMPILE_PREFIX_HEADER = YES;
				GCC_PREFIX_HEADER = "Queue/Queue-Prefix.pch";
				INFOPLIST_FILE = "Queue/Queue-Info.plist";
				PRODUCT_NAME = "$(TARGET_NAME)";
				PROVISIONING_PROFILE = "489A0932-E83B-4FC7-B89C-CEE7424D1DBF";
				"PROVISIONING_PROFILE[sdk=iphoneos*]" = "489A0932-E83B-4FC7-B89C-CEE7424D1DBF";
				WRAPPER_EXTENSION = app;
			};
			name = Release;
		};
		3FA101BE17447769007D2520 /* Debug */ = {
			isa = XCBuildConfiguration;
			buildSettings = {
				BUNDLE_LOADER = "$(BUILT_PRODUCTS_DIR)/Queue.app/Queue";
				FRAMEWORK_SEARCH_PATHS = (
					"\"$(SDKROOT)/Developer/Library/Frameworks\"",
					"\"$(DEVELOPER_LIBRARY_DIR)/Frameworks\"",
				);
				GCC_PRECOMPILE_PREFIX_HEADER = YES;
				GCC_PREFIX_HEADER = "Queue/Queue-Prefix.pch";
				INFOPLIST_FILE = "QueueTests/QueueTests-Info.plist";
				PRODUCT_NAME = "$(TARGET_NAME)";
				TEST_HOST = "$(BUNDLE_LOADER)";
				WRAPPER_EXTENSION = octest;
			};
			name = Debug;
		};
		3FA101BF17447769007D2520 /* Release */ = {
			isa = XCBuildConfiguration;
			buildSettings = {
				BUNDLE_LOADER = "$(BUILT_PRODUCTS_DIR)/Queue.app/Queue";
				FRAMEWORK_SEARCH_PATHS = (
					"\"$(SDKROOT)/Developer/Library/Frameworks\"",
					"\"$(DEVELOPER_LIBRARY_DIR)/Frameworks\"",
				);
				GCC_PRECOMPILE_PREFIX_HEADER = YES;
				GCC_PREFIX_HEADER = "Queue/Queue-Prefix.pch";
				INFOPLIST_FILE = "QueueTests/QueueTests-Info.plist";
				PRODUCT_NAME = "$(TARGET_NAME)";
				TEST_HOST = "$(BUNDLE_LOADER)";
				WRAPPER_EXTENSION = octest;
			};
			name = Release;
		};
/* End XCBuildConfiguration section */

/* Begin XCConfigurationList section */
		3FA1018317447769007D2520 /* Build configuration list for PBXProject "Queue" */ = {
			isa = XCConfigurationList;
			buildConfigurations = (
				3FA101B817447769007D2520 /* Debug */,
				3FA101B917447769007D2520 /* Release */,
			);
			defaultConfigurationIsVisible = 0;
			defaultConfigurationName = Release;
		};
		3FA101BA17447769007D2520 /* Build configuration list for PBXNativeTarget "Queue" */ = {
			isa = XCConfigurationList;
			buildConfigurations = (
				3FA101BB17447769007D2520 /* Debug */,
				3FA101BC17447769007D2520 /* Release */,
			);
			defaultConfigurationIsVisible = 0;
			defaultConfigurationName = Release;
		};
		3FA101BD17447769007D2520 /* Build configuration list for PBXNativeTarget "QueueTests" */ = {
			isa = XCConfigurationList;
			buildConfigurations = (
				3FA101BE17447769007D2520 /* Debug */,
				3FA101BF17447769007D2520 /* Release */,
			);
			defaultConfigurationIsVisible = 0;
			defaultConfigurationName = Release;
		};
/* End XCConfigurationList section */

/* Begin XCVersionGroup section */
		3FABEE741748130F00BBB760 /* Queue.xcdatamodeld */ = {
			isa = XCVersionGroup;
			children = (
				3F94A9461785F1040054A733 /* Queue 0.1.xcdatamodel */,
				3FABEE751748130F00BBB760 /* Queue.xcdatamodel */,
			);
			currentVersion = 3FABEE751748130F00BBB760 /* Queue.xcdatamodel */;
			path = Queue.xcdatamodeld;
			sourceTree = "<group>";
			versionGroupType = wrapper.xcdatamodel;
		};
/* End XCVersionGroup section */
	};
	rootObject = 3FA1018017447769007D2520 /* Project object */;
}
